
Microsoft Visual Studio Solution File, Format Version 12.00
# Visual Studio 15
VisualStudioVersion = 15.0.27428.1
MinimumVisualStudioVersion = 10.0.40219.1
Project("{9A19103F-16F7-4668-BE54-9A1E7A4F7556}") = "dnx", "src\dnx\dnx.csproj", "{0AE48CBC-0677-4F38-92F7-3A09A74E7937}"
EndProject
Project("{2150E333-8FDC-42A3-9474-1A3956D46DE8}") = "Solution Items", "Solution Items", "{2C7236C3-28C4-4DAA-93BC-44CE5AFE4C2C}"
	ProjectSection(SolutionItems) = preProject
		.editorconfig = .editorconfig
		.gitattributes = .gitattributes
		.gitignore = .gitignore
		Directory.Build.props = Directory.Build.props
		README.md = README.md
	EndProjectSection
EndProject
Global
	GlobalSection(SolutionConfigurationPlatforms) = preSolution
		Debug|Any CPU = Debug|Any CPU
		Release|Any CPU = Release|Any CPU
	EndGlobalSection
	GlobalSection(ProjectConfigurationPlatforms) = postSolution
		{0AE48CBC-0677-4F38-92F7-3A09A74E7937}.Debug|Any CPU.ActiveCfg = Debug|Any CPU
		{0AE48CBC-0677-4F38-92F7-3A09A74E7937}.Debug|Any CPU.Build.0 = Debug|Any CPU
		{0AE48CBC-0677-4F38-92F7-3A09A74E7937}.Release|Any CPU.ActiveCfg = Release|Any CPU
		{0AE48CBC-0677-4F38-92F7-3A09A74E7937}.Release|Any CPU.Build.0 = Release|Any CPU
	EndGlobalSection
	GlobalSection(SolutionProperties) = preSolution
		HideSolutionNode = FALSE
	EndGlobalSection
	GlobalSection(ExtensibilityGlobals) = postSolution
		SolutionGuid = {35A9695C-7BC1-4D81-9888-A5286204CEDD}
	EndGlobalSection
EndGlobal
